{
  "pins" : [
    {
      "identity" : "alamofire",
      "kind" : "remoteSourceControl",
      "location" : "https://github.com/Alamofire/Alamofire.git",
      "state" : {
        "revision" : "b2fa556e4e48cbf06cf8c63def138c98f4b811fa",
        "version" : "5.8.0"
      }
    },
    {
      "identity" : "iqkeyboardmanager",
      "kind" : "remoteSourceControl",
      "location" : "https://github.com/hackiftekhar/IQKeyboardManager",
      "state" : {
        "revision" : "c00b1ae9fa1ad8af4465bb6ca901f6943fc98eba",
        "version" : "6.5.16"
      }
    },
    {
      "identity" : "objectmapper",
      "kind" : "remoteSourceControl",
      "location" : "https://github.com/tristanhimmelman/ObjectMapper",
      "state" : {
        "revision" : "0b96a734de3ea1c87374ae677064f86adb0716ec",
        "version" : "4.2.0"
      }
    },
    {
      "identity" : "swift-api-manager",
      "kind" : "remoteSourceControl",
      "location" : "git@github.com:FaizanTan/Swift-API-Manager.git",
      "state" : {
        "branch" : "main",
        "revision" : "2d2c86c5838d2880feae1dc593a473cfccbde9e3"
      }
    },
    {
      "identity" : "swiftdi",
      "kind" : "remoteSourceControl",
      "location" : "git@github.com:FaizanTan/SwiftDI.git",
      "state" : {
        "branch" : "main",
        "revision" : "e5e13eed67db8abd5771ff8863a4d608df40a5b1"
      }
    },
    {
      "identity" : "tlphotopicker",
      "kind" : "remoteSourceControl",
      "location" : "https://github.com/tilltue/TLPhotoPicker",
      "state" : {
        "revision" : "0d0cbbd2d20ed5fd36e5f4052209f5e2d9aaa8b7",
        "version" : "2.1.9"
      }
    }
  ],
  "version" : 2
}
